
Microsoft Visual Studio Solution File, Format Version 12.00
# Visual Studio Version 16
VisualStudioVersion = 16.0.30011.22
MinimumVisualStudioVersion = 10.0.40219.1
Project("{FAE04EC0-301F-11D3-BF4B-00C04F79EFBC}") = "WebCalculator", "WebCalculator\WebCalculator.csproj", "{95198CE3-CDAF-42B9-8B09-A0884D9AEBBC}"
EndProject
Global
	GlobalSection(SolutionConfigurationPlatforms) = preSolution
		Debug|Any CPU = Debug|Any CPU
		Release|Any CPU = Release|Any CPU
	EndGlobalSection
	GlobalSection(ProjectConfigurationPlatforms) = postSolution
		{95198CE3-CDAF-42B9-8B09-A0884D9AEBBC}.Debug|Any CPU.ActiveCfg = Debug|Any CPU
		{95198CE3-CDAF-42B9-8B09-A0884D9AEBBC}.Debug|Any CPU.Build.0 = Debug|Any CPU
		{95198CE3-CDAF-42B9-8B09-A0884D9AEBBC}.Release|Any CPU.ActiveCfg = Release|Any CPU
		{95198CE3-CDAF-42B9-8B09-A0884D9AEBBC}.Release|Any CPU.Build.0 = Release|Any CPU
	EndGlobalSection
	GlobalSection(SolutionProperties) = preSolution
		HideSolutionNode = FALSE
	EndGlobalSection
	GlobalSection(ExtensibilityGlobals) = postSolution
		SolutionGuid = {DA6FC7DE-F079-4551-93A1-6776D59F3794}
	EndGlobalSection
EndGlobal
